
Microsoft Visual Studio Solution File, Format Version 12.00
# Visual Studio 15
VisualStudioVersion = 15.0.28307.168
MinimumVisualStudioVersion = 10.0.40219.1
Project("{FAE04EC0-301F-11D3-BF4B-00C04F79EFBC}") = "ISTA220Ex2B", "ISTA220Ex2B\ISTA220Ex2B.csproj", "{F4B51A4C-1CBE-4966-B576-FB715AE20F9F}"
EndProject
Global
	GlobalSection(SolutionConfigurationPlatforms) = preSolution
		Debug|Any CPU = Debug|Any CPU
		Release|Any CPU = Release|Any CPU
	EndGlobalSection
	GlobalSection(ProjectConfigurationPlatforms) = postSolution
		{F4B51A4C-1CBE-4966-B576-FB715AE20F9F}.Debug|Any CPU.ActiveCfg = Debug|Any CPU
		{F4B51A4C-1CBE-4966-B576-FB715AE20F9F}.Debug|Any CPU.Build.0 = Debug|Any CPU
		{F4B51A4C-1CBE-4966-B576-FB715AE20F9F}.Release|Any CPU.ActiveCfg = Release|Any CPU
		{F4B51A4C-1CBE-4966-B576-FB715AE20F9F}.Release|Any CPU.Build.0 = Release|Any CPU
	EndGlobalSection
	GlobalSection(SolutionProperties) = preSolution
		HideSolutionNode = FALSE
	EndGlobalSection
	GlobalSection(ExtensibilityGlobals) = postSolution
		SolutionGuid = {8D92CB49-0F45-49F9-97F7-93265B76C05E}
	EndGlobalSection
EndGlobal
