
Microsoft Visual Studio Solution File, Format Version 12.00
# Visual Studio Version 16
VisualStudioVersion = 16.0.29102.190
MinimumVisualStudioVersion = 10.0.40219.1
Project("{9A19103F-16F7-4668-BE54-9A1E7A4F7556}") = "EX3A", "EX3A.csproj", "{0087C142-C0EB-410F-9B1C-9AF7B2B0424D}"
EndProject
Global
	GlobalSection(SolutionConfigurationPlatforms) = preSolution
		Debug|Any CPU = Debug|Any CPU
		Release|Any CPU = Release|Any CPU
	EndGlobalSection
	GlobalSection(ProjectConfigurationPlatforms) = postSolution
		{0087C142-C0EB-410F-9B1C-9AF7B2B0424D}.Debug|Any CPU.ActiveCfg = Debug|Any CPU
		{0087C142-C0EB-410F-9B1C-9AF7B2B0424D}.Debug|Any CPU.Build.0 = Debug|Any CPU
		{0087C142-C0EB-410F-9B1C-9AF7B2B0424D}.Release|Any CPU.ActiveCfg = Release|Any CPU
		{0087C142-C0EB-410F-9B1C-9AF7B2B0424D}.Release|Any CPU.Build.0 = Release|Any CPU
	EndGlobalSection
	GlobalSection(SolutionProperties) = preSolution
		HideSolutionNode = FALSE
	EndGlobalSection
	GlobalSection(ExtensibilityGlobals) = postSolution
		SolutionGuid = {A6C4E273-F787-4E38-BB68-451983DBCA17}
	EndGlobalSection
EndGlobal
